
Microsoft Visual Studio Solution File, Format Version 12.00
# Visual Studio Version 16
VisualStudioVersion = 16.0.30517.126
MinimumVisualStudioVersion = 10.0.40219.1
Project("{FAE04EC0-301F-11D3-BF4B-00C04F79EFBC}") = "HomeDesign", "HomeDesign\HomeDesign.csproj", "{847E60E6-4B96-4F8A-9A44-1C89CDB5E335}"
EndProject
Global
	GlobalSection(SolutionConfigurationPlatforms) = preSolution
		Debug|Any CPU = Debug|Any CPU
		Release|Any CPU = Release|Any CPU
	EndGlobalSection
	GlobalSection(ProjectConfigurationPlatforms) = postSolution
		{847E60E6-4B96-4F8A-9A44-1C89CDB5E335}.Debug|Any CPU.ActiveCfg = Debug|Any CPU
		{847E60E6-4B96-4F8A-9A44-1C89CDB5E335}.Debug|Any CPU.Build.0 = Debug|Any CPU
		{847E60E6-4B96-4F8A-9A44-1C89CDB5E335}.Release|Any CPU.ActiveCfg = Release|Any CPU
		{847E60E6-4B96-4F8A-9A44-1C89CDB5E335}.Release|Any CPU.Build.0 = Release|Any CPU
	EndGlobalSection
	GlobalSection(SolutionProperties) = preSolution
		HideSolutionNode = FALSE
	EndGlobalSection
	GlobalSection(ExtensibilityGlobals) = postSolution
		SolutionGuid = {1102C9DB-8AB2-4631-8DA7-10234B87B790}
	EndGlobalSection
EndGlobal
